
Microsoft Visual Studio Solution File, Format Version 12.00
# Visual Studio Version 17
VisualStudioVersion = 17.9.34723.18
MinimumVisualStudioVersion = 10.0.40219.1
Project("{9A19103F-16F7-4668-BE54-9A1E7A4F7556}") = "ChatAppBW", "ChatAppBW\ChatAppBW.csproj", "{A82C559F-A97D-42FF-84C5-30E00B7BA7BA}"
EndProject
Project("{9A19103F-16F7-4668-BE54-9A1E7A4F7556}") = "ChatAppBW.Client", "ChatAppBW.Client\ChatAppBW.Client.csproj", "{F6D3C345-94FB-4338-B85D-468220C7BB56}"
EndProject
Project("{9A19103F-16F7-4668-BE54-9A1E7A4F7556}") = "ChatModels", "..\ChatModels\ChatModels.csproj", "{0AFBB0B2-3D97-4A17-A7A0-1A3952CFCAEA}"
EndProject
Global
	GlobalSection(SolutionConfigurationPlatforms) = preSolution
		Debug|Any CPU = Debug|Any CPU
		Release|Any CPU = Release|Any CPU
	EndGlobalSection
	GlobalSection(ProjectConfigurationPlatforms) = postSolution
		{A82C559F-A97D-42FF-84C5-30E00B7BA7BA}.Debug|Any CPU.ActiveCfg = Debug|Any CPU
		{A82C559F-A97D-42FF-84C5-30E00B7BA7BA}.Debug|Any CPU.Build.0 = Debug|Any CPU
		{A82C559F-A97D-42FF-84C5-30E00B7BA7BA}.Release|Any CPU.ActiveCfg = Release|Any CPU
		{A82C559F-A97D-42FF-84C5-30E00B7BA7BA}.Release|Any CPU.Build.0 = Release|Any CPU
		{F6D3C345-94FB-4338-B85D-468220C7BB56}.Debug|Any CPU.ActiveCfg = Debug|Any CPU
		{F6D3C345-94FB-4338-B85D-468220C7BB56}.Debug|Any CPU.Build.0 = Debug|Any CPU
		{F6D3C345-94FB-4338-B85D-468220C7BB56}.Release|Any CPU.ActiveCfg = Release|Any CPU
		{F6D3C345-94FB-4338-B85D-468220C7BB56}.Release|Any CPU.Build.0 = Release|Any CPU
		{0AFBB0B2-3D97-4A17-A7A0-1A3952CFCAEA}.Debug|Any CPU.ActiveCfg = Debug|Any CPU
		{0AFBB0B2-3D97-4A17-A7A0-1A3952CFCAEA}.Debug|Any CPU.Build.0 = Debug|Any CPU
		{0AFBB0B2-3D97-4A17-A7A0-1A3952CFCAEA}.Release|Any CPU.ActiveCfg = Release|Any CPU
		{0AFBB0B2-3D97-4A17-A7A0-1A3952CFCAEA}.Release|Any CPU.Build.0 = Release|Any CPU
	EndGlobalSection
	GlobalSection(SolutionProperties) = preSolution
		HideSolutionNode = FALSE
	EndGlobalSection
	GlobalSection(ExtensibilityGlobals) = postSolution
		SolutionGuid = {60992517-184F-4A39-BDA5-8BA15094C94E}
	EndGlobalSection
EndGlobal
